
Microsoft Visual Studio Solution File, Format Version 11.00
# Visual Studio 2010
Project("{FAE04EC0-301F-11D3-BF4B-00C04F79EFBC}") = "logic", "logic.csproj", "{D9C2A91A-5529-4601-BC87-0FCDE15DDC7F}"
EndProject
Project("{FAE04EC0-301F-11D3-BF4B-00C04F79EFBC}") = "element3.1", "..\element3\element3.1.csproj", "{B9C97EF5-61D8-4E4C-80B5-634522529433}"
EndProject
Global
	GlobalSection(SolutionConfigurationPlatforms) = preSolution
		Debug|Any CPU = Debug|Any CPU
		Release|Any CPU = Release|Any CPU
	EndGlobalSection
	GlobalSection(ProjectConfigurationPlatforms) = postSolution
		{D9C2A91A-5529-4601-BC87-0FCDE15DDC7F}.Debug|Any CPU.ActiveCfg = Debug|Any CPU
		{D9C2A91A-5529-4601-BC87-0FCDE15DDC7F}.Debug|Any CPU.Build.0 = Debug|Any CPU
		{D9C2A91A-5529-4601-BC87-0FCDE15DDC7F}.Release|Any CPU.ActiveCfg = Release|Any CPU
		{D9C2A91A-5529-4601-BC87-0FCDE15DDC7F}.Release|Any CPU.Build.0 = Release|Any CPU
		{B9C97EF5-61D8-4E4C-80B5-634522529433}.Debug|Any CPU.ActiveCfg = Debug|Any CPU
		{B9C97EF5-61D8-4E4C-80B5-634522529433}.Debug|Any CPU.Build.0 = Debug|Any CPU
		{B9C97EF5-61D8-4E4C-80B5-634522529433}.Release|Any CPU.ActiveCfg = Release|Any CPU
		{B9C97EF5-61D8-4E4C-80B5-634522529433}.Release|Any CPU.Build.0 = Release|Any CPU
	EndGlobalSection
	GlobalSection(SolutionProperties) = preSolution
		HideSolutionNode = FALSE
	EndGlobalSection
EndGlobal
